
Microsoft Visual Studio Solution File, Format Version 12.00
# Visual Studio Version 17
VisualStudioVersion = 17.6.33815.320
MinimumVisualStudioVersion = 10.0.40219.1
Project("{FAE04EC0-301F-11D3-BF4B-00C04F79EFBC}") = "TaskTwo(notes)", "TaskTwo(notes)\TaskTwo(notes).csproj", "{AAD5228D-EA15-4CEA-88D6-E12278E9A2C0}"
EndProject
Global
	GlobalSection(SolutionConfigurationPlatforms) = preSolution
		Debug|Any CPU = Debug|Any CPU
		Release|Any CPU = Release|Any CPU
	EndGlobalSection
	GlobalSection(ProjectConfigurationPlatforms) = postSolution
		{AAD5228D-EA15-4CEA-88D6-E12278E9A2C0}.Debug|Any CPU.ActiveCfg = Debug|Any CPU
		{AAD5228D-EA15-4CEA-88D6-E12278E9A2C0}.Debug|Any CPU.Build.0 = Debug|Any CPU
		{AAD5228D-EA15-4CEA-88D6-E12278E9A2C0}.Release|Any CPU.ActiveCfg = Release|Any CPU
		{AAD5228D-EA15-4CEA-88D6-E12278E9A2C0}.Release|Any CPU.Build.0 = Release|Any CPU
	EndGlobalSection
	GlobalSection(SolutionProperties) = preSolution
		HideSolutionNode = FALSE
	EndGlobalSection
	GlobalSection(ExtensibilityGlobals) = postSolution
		SolutionGuid = {4C4BC3CD-11C8-4336-950F-F12588174B11}
	EndGlobalSection
EndGlobal
